Terraform will perform the following actions:

  # data.tls_certificate.eks will be read during apply
  # (config refers to values not yet known)
 <= data "tls_certificate" "eks" {
      + certificates = (known after apply)
      + id           = (known after apply)
      + url          = (known after apply)
    }

  # aws_eip.nat will be created
  + resource "aws_eip" "nat" {
      + allocation_id        = (known after apply)
      + association_id       = (known after apply)
      + carrier_ip           = (known after apply)
      + customer_owned_ip    = (known after apply)
      + domain               = (known after apply)
      + id                   = (known after apply)
      + instance             = (known after apply)
      + network_border_group = (known after apply)
      + network_interface    = (known after apply)
      + private_dns          = (known after apply)
      + private_ip           = (known after apply)
      + public_dns           = (known after apply)
      + public_ip            = (known after apply)
      + public_ipv4_pool     = (known after apply)
      + tags                 = {
          + "Name" = "nat"
        }
      + tags_all             = {
          + "Name" = "nat"
        }
      + vpc                  = (known after apply)
    }

  # aws_eks_cluster.ahl-cluster will be created
  + resource "aws_eks_cluster" "ahl-cluster" {
      + arn                   = (known after apply)
      + certificate_authority = (known after apply)
      + cluster_id            = (known after apply)
      + created_at            = (known after apply)
      + endpoint              = (known after apply)
      + id                    = (known after apply)
      + identity              = (known after apply)
      + name                  = "ahl-cluster"
      + platform_version      = (known after apply)
      + role_arn              = (known after apply)
      + status                = (known after apply)
      + tags_all              = (known after apply)
      + version               = (known after apply)

      + vpc_config {
          + cluster_security_group_id = (known after apply)
          + endpoint_private_access   = false
          + endpoint_public_access    = true
          + public_access_cidrs       = (known after apply)
          + subnet_ids                = (known after apply)
          + vpc_id                    = (known after apply)
        }
    }

  # aws_eks_node_group.private-nodes will be created
  + resource "aws_eks_node_group" "private-nodes" {
      + ami_type               = (known after apply)
      + arn                    = (known after apply)
      + capacity_type          = "ON_DEMAND"
      + cluster_name           = "ahl-cluster"
      + disk_size              = (known after apply)
      + id                     = (known after apply)
      + instance_types         = [
          + "t3.small",
        ]
      + labels                 = {
          + "role" = "general"
        }
      + node_group_name        = "private-nodes"
      + node_group_name_prefix = (known after apply)
      + node_role_arn          = (known after apply)
      + release_version        = (known after apply)
      + resources              = (known after apply)
      + status                 = (known after apply)
      + subnet_ids             = (known after apply)
      + tags_all               = (known after apply)
      + version                = (known after apply)

      + scaling_config {
          + desired_size = 1
          + max_size     = 3
          + min_size     = 0
        }

      + update_config {
          + max_unavailable = 1
        }
    }

  # aws_iam_openid_connect_provider.eks will be created
  + resource "aws_iam_openid_connect_provider" "eks" {
      + arn             = (known after apply)
      + client_id_list  = [
          + "sts.amazonaws.com",
        ]
      + id              = (known after apply)
      + tags_all        = (known after apply)
      + thumbprint_list = (known after apply)
      + url             = (known after apply)
    }

  # aws_iam_role.ahl-cluster will be created
  + resource "aws_iam_role" "ahl-cluster" {
      + arn                   = (known after apply)
      + assume_role_policy    = jsonencode(
            {
              + Statement = [
                  + {
                      + Action    = "sts:AssumeRole"
                      + Effect    = "Allow"
                      + Principal = {
                          + Service = "eks.amazonaws.com"
                        }
                    },
                ]
              + Version   = "2012-10-17"
            }
        )
      + create_date           = (known after apply)
      + force_detach_policies = false
      + id                    = (known after apply)
      + managed_policy_arns   = (known after apply)
      + max_session_duration  = 3600
      + name                  = "ahl-cluster"
      + name_prefix           = (known after apply)
      + path                  = "/"
      + tags_all              = (known after apply)
      + unique_id             = (known after apply)
    }

  # aws_iam_role.nodes will be created
  + resource "aws_iam_role" "nodes" {
      + arn                   = (known after apply)
      + assume_role_policy    = jsonencode(
            {
              + Statement = [
                  + {
                      + Action    = "sts:AssumeRole"
                      + Effect    = "Allow"
                      + Principal = {
                          + Service = "ec2.amazonaws.com"
                        }
                    },
                ]
              + Version   = "2012-10-17"
            }
        )
      + create_date           = (known after apply)
      + force_detach_policies = false
      + id                    = (known after apply)
      + managed_policy_arns   = (known after apply)
      + max_session_duration  = 3600
      + name                  = "eks-node-group-nodes"
      + name_prefix           = (known after apply)
      + path                  = "/"
      + tags_all              = (known after apply)
      + unique_id             = (known after apply)
    }

  # aws_iam_role_policy_attachment.ahl-cluster-AmazonEKSClusterPolicy will be created
  + resource "aws_iam_role_policy_attachment" "ahl-cluster-AmazonEKSClusterPolicy" {
      + id         = (known after apply)
      + policy_arn = "arn:aws:iam::aws:policy/AmazonEKSClusterPolicy"
      + role       = (known after apply)
    }

  # aws_iam_role_policy_attachment.nodes-AmazonEC2ContainerRegistryReadOnly will be created
  + resource "aws_iam_role_policy_attachment" "nodes-AmazonEC2ContainerRegistryReadOnly" {
      + id         = (known after apply)
      + policy_arn = "arn:aws:iam::aws:policy/AmazonEC2ContainerRegistryReadOnly"
      + role       = "eks-node-group-nodes"
    }

  # aws_iam_role_policy_attachment.nodes-AmazonEKSWorkerNodePolicy will be created
  + resource "aws_iam_role_policy_attachment" "nodes-AmazonEKSWorkerNodePolicy" {
      + id         = (known after apply)
      + policy_arn = "arn:aws:iam::aws:policy/AmazonEKSWorkerNodePolicy"
      + role       = "eks-node-group-nodes"
    }

  # aws_iam_role_policy_attachment.nodes-AmazonEKS_CNI_Policy will be created
  + resource "aws_iam_role_policy_attachment" "nodes-AmazonEKS_CNI_Policy" {
      + id         = (known after apply)
      + policy_arn = "arn:aws:iam::aws:policy/AmazonEKS_CNI_Policy"
      + role       = "eks-node-group-nodes"
    }

  # aws_internet_gateway.igw will be created
  + resource "aws_internet_gateway" "igw" {
      + arn      = (known after apply)
      + id       = (known after apply)
      + owner_id = (known after apply)
      + tags     = {
          + "Name" = "igw"
        }
      + tags_all = {
          + "Name" = "igw"
        }
      + vpc_id   = (known after apply)
    }

  # aws_nat_gateway.nat will be created
  + resource "aws_nat_gateway" "nat" {
      + allocation_id                      = (known after apply)
      + association_id                     = (known after apply)
      + connectivity_type                  = "public"
      + id                                 = (known after apply)
      + network_interface_id               = (known after apply)
      + private_ip                         = (known after apply)
      + public_ip                          = (known after apply)
      + secondary_private_ip_address_count = (known after apply)
      + secondary_private_ip_addresses     = (known after apply)
      + subnet_id                          = (known after apply)
      + tags                               = {
          + "Name" = "nat"
        }
      + tags_all                           = {
          + "Name" = "nat"
        }
    }

  # aws_route_table.private-rt will be created
  + resource "aws_route_table" "private-rt" {
      + arn              = (known after apply)
      + id               = (known after apply)
      + owner_id         = (known after apply)
      + propagating_vgws = (known after apply)
      + route            = [
          + {
              + carrier_gateway_id         = ""
              + cidr_block                 = "0.0.0.0/0"
              + core_network_arn           = ""
              + destination_prefix_list_id = ""
              + egress_only_gateway_id     = ""
              + gateway_id                 = ""
              + ipv6_cidr_block            = ""
              + local_gateway_id           = ""
              + nat_gateway_id             = (known after apply)
              + network_interface_id       = ""
              + transit_gateway_id         = ""
              + vpc_endpoint_id            = ""
              + vpc_peering_connection_id  = ""
            },
        ]
      + tags             = {
          + "Name" = "private rote table"
        }
      + tags_all         = {
          + "Name" = "private rote table"
        }
      + vpc_id           = (known after apply)
    }

  # aws_route_table.public-rt will be created
  + resource "aws_route_table" "public-rt" {
      + arn              = (known after apply)
      + id               = (known after apply)
      + owner_id         = (known after apply)
      + propagating_vgws = (known after apply)
      + route            = [
          + {
              + carrier_gateway_id         = ""
              + cidr_block                 = "0.0.0.0/0"
              + core_network_arn           = ""
              + destination_prefix_list_id = ""
              + egress_only_gateway_id     = ""
              + gateway_id                 = (known after apply)
              + ipv6_cidr_block            = ""
              + local_gateway_id           = ""
              + nat_gateway_id             = ""
              + network_interface_id       = ""
              + transit_gateway_id         = ""
              + vpc_endpoint_id            = ""
              + vpc_peering_connection_id  = ""
            },
        ]
      + tags             = {
          + "Name" = "public route table"
        }
      + tags_all         = {
          + "Name" = "public route table"
        }
      + vpc_id           = (known after apply)
    }

  # aws_route_table_association.private-a will be created
  + resource "aws_route_table_association" "private-a" {
      + id             = (known after apply)
      + route_table_id = (known after apply)
      + subnet_id      = (known after apply)
    }

  # aws_route_table_association.private-b will be created
  + resource "aws_route_table_association" "private-b" {
      + id             = (known after apply)
      + route_table_id = (known after apply)
      + subnet_id      = (known after apply)
    }

  # aws_route_table_association.public-a will be created
  + resource "aws_route_table_association" "public-a" {
      + id             = (known after apply)
      + route_table_id = (known after apply)
      + subnet_id      = (known after apply)
    }

  # aws_route_table_association.public-b will be created
  + resource "aws_route_table_association" "public-b" {
      + id             = (known after apply)
      + route_table_id = (known after apply)
      + subnet_id      = (known after apply)
    }

  # aws_subnet.private-a will be created
  + resource "aws_subnet" "private-a" {
      + arn                                            = (known after apply)
      + assign_ipv6_address_on_creation                = false
      + availability_zone                              = "us-east-1a"
      + availability_zone_id                           = (known after apply)
      + cidr_block                                     = "10.0.0.0/19"
      + enable_dns64                                   = false
      + enable_resource_name_dns_a_record_on_launch    = false
      + enable_resource_name_dns_aaaa_record_on_launch = false
      + id                                             = (known after apply)
      + ipv6_cidr_block_association_id                 = (known after apply)
      + ipv6_native                                    = false
      + map_public_ip_on_launch                        = false
      + owner_id                                       = (known after apply)
      + private_dns_hostname_type_on_launch            = (known after apply)
      + tags                                           = {
          + "Name"                            = "private-us-east-1a"
          + "kubernetes.io/cluster/demo"      = "owned"
          + "kubernetes.io/role/internal-elb" = "1"
        }
      + tags_all                                       = {
          + "Name"                            = "private-us-east-1a"
          + "kubernetes.io/cluster/demo"      = "owned"
          + "kubernetes.io/role/internal-elb" = "1"
        }
      + vpc_id                                         = (known after apply)
    }

  # aws_subnet.private-b will be created
  + resource "aws_subnet" "private-b" {
      + arn                                            = (known after apply)
      + assign_ipv6_address_on_creation                = false
      + availability_zone                              = "us-east-1b"
      + availability_zone_id                           = (known after apply)
      + cidr_block                                     = "10.0.32.0/19"
      + enable_dns64                                   = false
      + enable_resource_name_dns_a_record_on_launch    = false
      + enable_resource_name_dns_aaaa_record_on_launch = false
      + id                                             = (known after apply)
      + ipv6_cidr_block_association_id                 = (known after apply)
      + ipv6_native                                    = false
      + map_public_ip_on_launch                        = false
      + owner_id                                       = (known after apply)
      + private_dns_hostname_type_on_launch            = (known after apply)
      + tags                                           = {
          + "Name"                            = "private-b"
          + "kubernetes.io/cluster/demo"      = "owned"
          + "kubernetes.io/role/internal-elb" = "1"
        }
      + tags_all                                       = {
          + "Name"                            = "private-b"
          + "kubernetes.io/cluster/demo"      = "owned"
          + "kubernetes.io/role/internal-elb" = "1"
        }
      + vpc_id                                         = (known after apply)
    }

  # aws_subnet.public-a will be created
  + resource "aws_subnet" "public-a" {
      + arn                                            = (known after apply)
      + assign_ipv6_address_on_creation                = false
      + availability_zone                              = "us-east-1a"
      + availability_zone_id                           = (known after apply)
      + cidr_block                                     = "10.0.64.0/19"
      + enable_dns64                                   = false
      + enable_resource_name_dns_a_record_on_launch    = false
      + enable_resource_name_dns_aaaa_record_on_launch = false
      + id                                             = (known after apply)
      + ipv6_cidr_block_association_id                 = (known after apply)
      + ipv6_native                                    = false
      + map_public_ip_on_launch                        = true
      + owner_id                                       = (known after apply)
      + private_dns_hostname_type_on_launch            = (known after apply)
      + tags                                           = {
          + "Name"                              = "public-a"
          + "kubernetes.io/cluster/ahl-cluster" = "owned"
          + "kubernetes.io/role/elb"            = "1"
        }
      + tags_all                                       = {
          + "Name"                              = "public-a"
          + "kubernetes.io/cluster/ahl-cluster" = "owned"
          + "kubernetes.io/role/elb"            = "1"
        }
      + vpc_id                                         = (known after apply)
    }

  # aws_subnet.public-b will be created
  + resource "aws_subnet" "public-b" {
      + arn                                            = (known after apply)
      + assign_ipv6_address_on_creation                = false
      + availability_zone                              = "us-east-1b"
      + availability_zone_id                           = (known after apply)
      + cidr_block                                     = "10.0.96.0/19"
      + enable_dns64                                   = false
      + enable_resource_name_dns_a_record_on_launch    = false
      + enable_resource_name_dns_aaaa_record_on_launch = false
      + id                                             = (known after apply)
      + ipv6_cidr_block_association_id                 = (known after apply)
      + ipv6_native                                    = false
      + map_public_ip_on_launch                        = true
      + owner_id                                       = (known after apply)
      + private_dns_hostname_type_on_launch            = (known after apply)
      + tags                                           = {
          + "Name"                       = "public-b"
          + "kubernetes.io/cluster/demo" = "owned"
          + "kubernetes.io/role/elb"     = "1"
        }
      + tags_all                                       = {
          + "Name"                       = "public-b"
          + "kubernetes.io/cluster/demo" = "owned"
          + "kubernetes.io/role/elb"     = "1"
        }
      + vpc_id                                         = (known after apply)
    }

  # aws_vpc.ahl-vpc will be created
  + resource "aws_vpc" "ahl-vpc" {
      + arn                                  = (known after apply)
      + cidr_block                           = "10.0.0.0/16"
      + default_network_acl_id               = (known after apply)
      + default_route_table_id               = (known after apply)
      + default_security_group_id            = (known after apply)
      + dhcp_options_id                      = (known after apply)
      + enable_dns_hostnames                 = (known after apply)
      + enable_dns_support                   = true
      + enable_network_address_usage_metrics = (known after apply)
      + id                                   = (known after apply)
      + instance_tenancy                     = "default"
      + ipv6_association_id                  = (known after apply)
      + ipv6_cidr_block                      = (known after apply)
      + ipv6_cidr_block_network_border_group = (known after apply)
      + main_route_table_id                  = (known after apply)
      + owner_id                             = (known after apply)
      + tags                                 = {
          + "Name" = "ahl-vpc"
        }
      + tags_all                             = {
          + "Name" = "ahl-vpc"
        }
    }

  # kubernetes_deployment.ahl-app-deployment will be created
  + resource "kubernetes_deployment" "ahl-app-deployment" {
      + id               = (known after apply)
      + wait_for_rollout = true

      + metadata {
          + generation       = (known after apply)
          + labels           = {
              + "app" = "ahl-app"
            }
          + name             = "ahl-app-deployment"
          + namespace        = "ahl-app"
          + resource_version = (known after apply)
          + uid              = (known after apply)
        }

      + spec {
          + min_ready_seconds         = 0
          + paused                    = false
          + progress_deadline_seconds = 600
          + replicas                  = "1"
          + revision_history_limit    = 10

          + selector {
              + match_labels = {
                  + "app" = "ahl-app"
                }
            }

          + template {
              + metadata {
                  + generation       = (known after apply)
                  + labels           = {
                      + "app" = "ahl-app"
                    }
                  + name             = (known after apply)
                  + resource_version = (known after apply)
                  + uid              = (known after apply)
                }
              + spec {
                  + automount_service_account_token  = true
                  + dns_policy                       = "ClusterFirst"
                  + enable_service_links             = true
                  + host_ipc                         = false
                  + host_network                     = false
                  + host_pid                         = false
                  + hostname                         = (known after apply)
                  + node_name                        = (known after apply)
                  + restart_policy                   = "Always"
                  + scheduler_name                   = (known after apply)
                  + service_account_name             = (known after apply)
                  + share_process_namespace          = false
                  + termination_grace_period_seconds = 30

                  + container {
                      + image                      = "registry.gitlab.com/architect-io/artifacts/nodejs-hello-world:latest"
                      + image_pull_policy          = (known after apply)
                      + name                       = "hello-world"
                      + stdin                      = false
                      + stdin_once                 = false
                      + termination_message_path   = "/dev/termination-log"
                      + termination_message_policy = (known after apply)
                      + tty                        = false
                    }
                }
            }
        }
    }

  # kubernetes_deployment.ahl-db-deployment will be created
  + resource "kubernetes_deployment" "ahl-db-deployment" {
      + id               = (known after apply)
      + wait_for_rollout = true

      + metadata {
          + generation       = (known after apply)
          + labels           = {
              + "app" = "ahl-db"
            }
          + name             = "ahl-db-deployment"
          + namespace        = "ahl-db"
          + resource_version = (known after apply)
          + uid              = (known after apply)
        }

      + spec {
          + min_ready_seconds         = 0
          + paused                    = false
          + progress_deadline_seconds = 600
          + replicas                  = "1"
          + revision_history_limit    = 10

          + selector {
              + match_labels = {
                  + "app" = "ahl-db"
                }
            }

          + template {
              + metadata {
                  + generation       = (known after apply)
                  + labels           = {
                      + "app" = "ahl-db"
                    }
                  + name             = (known after apply)
                  + resource_version = (known after apply)
                  + uid              = (known after apply)
                }
              + spec {
                  + automount_service_account_token  = true
                  + dns_policy                       = "ClusterFirst"
                  + enable_service_links             = true
                  + host_ipc                         = false
                  + host_network                     = false
                  + host_pid                         = false
                  + hostname                         = (known after apply)
                  + node_name                        = (known after apply)
                  + restart_policy                   = "Always"
                  + scheduler_name                   = (known after apply)
                  + service_account_name             = (known after apply)
                  + share_process_namespace          = false
                  + termination_grace_period_seconds = 30

                  + container {
                      + image                      = "public.ecr.aws/ubuntu/mysql:8.0-22.04_edge"
                      + image_pull_policy          = (known after apply)
                      + name                       = "mysql"
                      + stdin                      = false
                      + stdin_once                 = false
                      + termination_message_path   = "/dev/termination-log"
                      + termination_message_policy = (known after apply)
                      + tty                        = false
                    }
                }
            }
        }
    }

  # kubernetes_namespace.ahl-app-namespace will be created
  + resource "kubernetes_namespace" "ahl-app-namespace" {
      + id                               = (known after apply)
      + wait_for_default_service_account = false

      + metadata {
          + generation       = (known after apply)
          + labels           = {
              + "app" = "ahl-app"
            }
          + name             = "ahl-app"
          + resource_version = (known after apply)
          + uid              = (known after apply)
        }
    }

  # kubernetes_namespace.ahl-db-namespace will be created
  + resource "kubernetes_namespace" "ahl-db-namespace" {
      + id                               = (known after apply)
      + wait_for_default_service_account = false

      + metadata {
          + generation       = (known after apply)
          + labels           = {
              + "app" = "ahl-db"
            }
          + name             = "ahl-db"
          + resource_version = (known after apply)
          + uid              = (known after apply)
        }
    }

  # kubernetes_service.ahl-app will be created
  + resource "kubernetes_service" "ahl-app" {
      + id                     = (known after apply)
      + status                 = (known after apply)
      + wait_for_load_balancer = true

      + metadata {
          + generation       = (known after apply)
          + name             = "ahl-app"
          + namespace        = "default"
          + resource_version = (known after apply)
          + uid              = (known after apply)
        }

      + spec {
          + allocate_load_balancer_node_ports = true
          + cluster_ip                        = (known after apply)
          + cluster_ips                       = (known after apply)
          + external_traffic_policy           = (known after apply)
          + health_check_node_port            = (known after apply)
          + internal_traffic_policy           = (known after apply)
          + ip_families                       = (known after apply)
          + ip_family_policy                  = (known after apply)
          + publish_not_ready_addresses       = false
          + selector                          = {
              + "App" = "ahl-app"
            }
          + session_affinity                  = "None"
          + type                              = "LoadBalancer"

          + port {
              + node_port   = (known after apply)
              + port        = 80
              + protocol    = "TCP"
              + target_port = "80"
            }
        }
    }

  # kubernetes_service.ahl-db will be created
  + resource "kubernetes_service" "ahl-db" {
      + id                     = (known after apply)
      + status                 = (known after apply)
      + wait_for_load_balancer = true

      + metadata {
          + generation       = (known after apply)
          + name             = "ahl-db"
          + namespace        = "default"
          + resource_version = (known after apply)
          + uid              = (known after apply)
        }

      + spec {
          + allocate_load_balancer_node_ports = true
          + cluster_ip                        = (known after apply)
          + cluster_ips                       = (known after apply)
          + external_traffic_policy           = (known after apply)
          + health_check_node_port            = (known after apply)
          + internal_traffic_policy           = (known after apply)
          + ip_families                       = (known after apply)
          + ip_family_policy                  = (known after apply)
          + publish_not_ready_addresses       = false
          + selector                          = {
              + "App" = "ahl-db"
            }
          + session_affinity                  = "None"
          + type                              = "LoadBalancer"

          + port {
              + node_port   = (known after apply)
              + port        = 3306
              + protocol    = "TCP"
              + target_port = "3306"
            }
        }
    }

Plan: 29 to add, 0 to change, 0 to destroy.